
Microsoft Visual Studio Solution File, Format Version 12.00
# Visual Studio Version 16
VisualStudioVersion = 16.0.30517.126
MinimumVisualStudioVersion = 10.0.40219.1
Project("{FAE04EC0-301F-11D3-BF4B-00C04F79EFBC}") = "EstudiantesApp", "EstudiantesApp\EstudiantesApp.csproj", "{DEEBF19D-CCD0-4D8E-B2E5-CC5439E856C8}"
EndProject
Global
	GlobalSection(SolutionConfigurationPlatforms) = preSolution
		Debug|Any CPU = Debug|Any CPU
		Release|Any CPU = Release|Any CPU
	EndGlobalSection
	GlobalSection(ProjectConfigurationPlatforms) = postSolution
		{DEEBF19D-CCD0-4D8E-B2E5-CC5439E856C8}.Debug|Any CPU.ActiveCfg = Debug|Any CPU
		{DEEBF19D-CCD0-4D8E-B2E5-CC5439E856C8}.Debug|Any CPU.Build.0 = Debug|Any CPU
		{DEEBF19D-CCD0-4D8E-B2E5-CC5439E856C8}.Release|Any CPU.ActiveCfg = Release|Any CPU
		{DEEBF19D-CCD0-4D8E-B2E5-CC5439E856C8}.Release|Any CPU.Build.0 = Release|Any CPU
	EndGlobalSection
	GlobalSection(SolutionProperties) = preSolution
		HideSolutionNode = FALSE
	EndGlobalSection
	GlobalSection(ExtensibilityGlobals) = postSolution
		SolutionGuid = {F7B8CCD7-4057-4374-9FF9-F7721678BDCF}
	EndGlobalSection
EndGlobal
